schema: '2.0'
stages:
  prepare_data:
    cmd: python src/stage_01_prepare.py --config=configs/config.yaml --params=params.yaml
    deps:
    - path: configs/config.yaml
      md5: ce3e2ba05cca6fcd4023194501f9fac8
      size: 373
    - path: data/data.xml
      md5: a304afb96060aad90176268345e10355
      size: 37891850
    - path: src/stage_01_prepare.py
      md5: 2e9f8082a79d10ed47204a46f20d8e25
      size: 2076
    - path: src/utils/common.py
      md5: 833cc7ee07874bd326807812f3f40638
      size: 1057
    - path: src/utils/data_mgmt.py
      md5: e07e4846449caec42bcfe1174a7a3b22
      size: 868
    params:
      params.yaml:
        prepare.seed: 2021
        prepare.split: 0.2
    outs:
    - path: artifacts/prepared/test.tsv
      md5: 60c757f3b30604473de7fa775dfc00d9
      size: 4899778
    - path: artifacts/prepared/train.tsv
      md5: 553034c4cf40efc63c99c19fe98610d0
      size: 18986541
  featurize:
    cmd: python src/stage_02_featurization.py --config=configs/config.yaml --params=params.yaml
    deps:
    - path: artifacts/prepared/test.tsv
      md5: 60c757f3b30604473de7fa775dfc00d9
      size: 4899778
    - path: artifacts/prepared/train.tsv
      md5: 553034c4cf40efc63c99c19fe98610d0
      size: 18986541
    - path: configs/config.yaml
      md5: ce3e2ba05cca6fcd4023194501f9fac8
      size: 373
    - path: src/stage_02_featurization.py
      md5: c754cb8e5ccdb29be3c293dd87afbd3d
      size: 2949
    - path: src/utils/common.py
      md5: 833cc7ee07874bd326807812f3f40638
      size: 1057
    - path: src/utils/featurize.py
      md5: 052a36694e73b09b97763ce6116fd9f0
      size: 519
    params:
      params.yaml:
        featurize.max_features: 3000
        featurize.ngrams: 2
        prepare.seed: 2021
        prepare.split: 0.2
    outs:
    - path: artifacts/features/test.pkl
      md5: a16444f35be763056c35610d6741fa00
      size: 2597499
    - path: artifacts/features/train.pkl
      md5: ecc944089c3a29ca33e6cfd158f81b0d
      size: 10134795
  train:
    cmd: python src/stage_03_train.py --config=configs/config.yaml --params=params.yaml
    deps:
    - path: artifacts/prepared/train.tsv
      md5: 553034c4cf40efc63c99c19fe98610d0
      size: 18986541
    - path: configs/config.yaml
      md5: ce3e2ba05cca6fcd4023194501f9fac8
      size: 373
    - path: src/stage_03_train.py
      md5: 79f576bd06c6f46ab6ebcd9f26616cbe
      size: 2249
    - path: src/utils/common.py
      md5: 833cc7ee07874bd326807812f3f40638
      size: 1057
    params:
      params.yaml:
        train.min_split: 16
        train.n_est: 100
        train.seed: 2021
    outs:
    - path: artifacts/model/model.pkl
      md5: 20ac77b4d7237b3cf0c6e676bdc7dbbc
      size: 3558016
